# This file is automatically @generated by Cargo.
# It is not intended for manual editing.
version = 4

[[package]]
name = "aho-corasick"
version = "1.1.3"
source = "registry+https://github.com/rust-lang/crates.io-index"
checksum = "8e60d3430d3a69478ad0993f19238d2df97c507009a52b3c10addcd7f6bcb916"
dependencies = [
 "memchr",
]

[[package]]
name = "anyhow"
version = "1.0.89"
source = "registry+https://github.com/rust-lang/crates.io-index"
checksum = "86fdf8605db99b54d3cd748a44c6d04df638eb5dafb219b135d0149bd0db01f6"

[[package]]
name = "async-graphql-parser"
version = "6.0.11"
source = "registry+https://github.com/rust-lang/crates.io-index"
checksum = "6139181845757fd6a73fbb8839f3d036d7150b798db0e9bb3c6e83cdd65bd53b"
dependencies = [
 "async-graphql-value",
 "pest",
 "serde",
 "serde_json",
]

[[package]]
name = "async-graphql-value"
version = "6.0.11"
source = "registry+https://github.com/rust-lang/crates.io-index"
checksum = "323a5143f5bdd2030f45e3f2e0c821c9b1d36e79cf382129c64299c50a7f3750"
dependencies = [
 "bytes",
 "indexmap",
 "serde",
 "serde_json",
]

[[package]]
name = "bytes"
version = "1.7.1"
source = "registry+https://github.com/rust-lang/crates.io-index"
checksum = "8318a53db07bb3f8dca91a600466bdb3f2eaadeedfdbcf02e1accbad9271ba50"
dependencies = [
 "serde",
]

[[package]]
name = "crossbeam-deque"
version = "0.8.5"
source = "registry+https://github.com/rust-lang/crates.io-index"
checksum = "613f8cc01fe9cf1a3eb3d7f488fd2fa8388403e97039e2f73692932e291a770d"
dependencies = [
 "crossbeam-epoch",
 "crossbeam-utils",
]

[[package]]
name = "crossbeam-epoch"
version = "0.9.18"
source = "registry+https://github.com/rust-lang/crates.io-index"
checksum = "5b82ac4a3c2ca9c3460964f020e1402edd5753411d7737aa39c3714ad1b5420e"
dependencies = [
 "crossbeam-utils",
]

[[package]]
name = "crossbeam-utils"
version = "0.8.20"
source = "registry+https://github.com/rust-lang/crates.io-index"
checksum = "22ec99545bb0ed0ea7bb9b8e1e9122ea386ff8a48c0922e43f36d45ab09e0e80"

[[package]]
name = "either"
version = "1.13.0"
source = "registry+https://github.com/rust-lang/crates.io-index"
checksum = "60b1af1c220855b6ceac025d3f6ecdd2b7c4894bfe9cd9bda4fbb4bc7c0d4cf0"

[[package]]
name = "equivalent"
version = "1.0.1"
source = "registry+https://github.com/rust-lang/crates.io-index"
checksum = "5443807d6dff69373d433ab9ef5378ad8df50ca6298caf15de6e52e24aaf54d5"

[[package]]
name = "hashbrown"
version = "0.14.5"
source = "registry+https://github.com/rust-lang/crates.io-index"
checksum = "e5274423e17b7c9fc20b6e7e208532f9b19825d82dfd615708b70edd83df41f1"

[[package]]
name = "indexmap"
version = "2.5.0"
source = "registry+https://github.com/rust-lang/crates.io-index"
checksum = "68b900aa2f7301e21c36462b170ee99994de34dff39a4a6a528e80e7376d07e5"
dependencies = [
 "equivalent",
 "hashbrown",
 "serde",
]

[[package]]
name = "itertools"
version = "0.11.0"
source = "registry+https://github.com/rust-lang/crates.io-index"
checksum = "b1c173a5686ce8bfa551b3563d0c2170bf24ca44da99c7ca4bfdab5418c3fe57"
dependencies = [
 "either",
]

[[package]]
name = "itoa"
version = "1.0.11"
source = "registry+https://github.com/rust-lang/crates.io-index"
checksum = "49f1f14873335454500d59611f1cf4a4b0f786f9ac11f4312a78e4cf2566695b"

[[package]]
name = "maplit"
version = "1.0.2"
source = "registry+https://github.com/rust-lang/crates.io-index"
checksum = "3e2e65a1a2e43cfcb47a895c4c8b10d1f4a61097f9f254f183aee60cad9c651d"

[[package]]
name = "memchr"
version = "2.7.4"
source = "registry+https://github.com/rust-lang/crates.io-index"
checksum = "78ca9ab1a0babb1e7d5695e3530886289c18cf2f87ec19a575a0abdce112e3a3"

[[package]]
name = "pest"
version = "2.7.11"
source = "registry+https://github.com/rust-lang/crates.io-index"
checksum = "cd53dff83f26735fdc1ca837098ccf133605d794cdae66acfc2bfac3ec809d95"
dependencies = [
 "memchr",
 "thiserror",
 "ucd-trie",
]

[[package]]
name = "proc-macro2"
version = "1.0.86"
source = "registry+https://github.com/rust-lang/crates.io-index"
checksum = "5e719e8df665df0d1c8fbfd238015744736151d4445ec0836b8e628aae103b77"
dependencies = [
 "unicode-ident",
]

[[package]]
name = "quote"
version = "1.0.37"
source = "registry+https://github.com/rust-lang/crates.io-index"
checksum = "b5b9d34b8991d19d98081b46eacdd8eb58c6f2b201139f7c5f643cc155a633af"
dependencies = [
 "proc-macro2",
]

[[package]]
name = "rayon"
version = "1.10.0"
source = "registry+https://github.com/rust-lang/crates.io-index"
checksum = "b418a60154510ca1a002a752ca9714984e21e4241e804d32555251faf8b78ffa"
dependencies = [
 "either",
 "rayon-core",
]

[[package]]
name = "rayon-core"
version = "1.12.1"
source = "registry+https://github.com/rust-lang/crates.io-index"
checksum = "1465873a3dfdaa8ae7cb14b4383657caab0b3e8a0aa9ae8e04b044854c8dfce2"
dependencies = [
 "crossbeam-deque",
 "crossbeam-utils",
]

[[package]]
name = "regex"
version = "1.10.6"
source = "registry+https://github.com/rust-lang/crates.io-index"
checksum = "4219d74c6b67a3654a9fbebc4b419e22126d13d2f3c4a07ee0cb61ff79a79619"
dependencies = [
 "aho-corasick",
 "memchr",
 "regex-automata",
 "regex-syntax",
]

[[package]]
name = "regex-automata"
version = "0.4.7"
source = "registry+https://github.com/rust-lang/crates.io-index"
checksum = "38caf58cc5ef2fed281f89292ef23f6365465ed9a41b7a7754eb4e26496c92df"
dependencies = [
 "aho-corasick",
 "memchr",
 "regex-syntax",
]

[[package]]
name = "regex-syntax"
version = "0.8.4"
source = "registry+https://github.com/rust-lang/crates.io-index"
checksum = "7a66a03ae7c801facd77a29370b4faec201768915ac14a721ba36f20bc9c209b"

[[package]]
name = "rustc-hash"
version = "2.0.0"
source = "registry+https://github.com/rust-lang/crates.io-index"
checksum = "583034fd73374156e66797ed8e5b0d5690409c9226b22d87cb7f19821c05d152"

[[package]]
name = "rustdoc-types"
version = "0.24.0"
source = "registry+https://github.com/rust-lang/crates.io-index"
checksum = "0904b9147011800e63763fb9e49bbeaf76c1b6ab8982824c659dce5433712559"
dependencies = [
 "serde",
]

[[package]]
name = "rustdoc-types"
version = "0.25.0"
source = "registry+https://github.com/rust-lang/crates.io-index"
checksum = "60966414633fced9e2341cd3d51a329d72306367325ba3d34e7e517c3bb84f3c"
dependencies = [
 "serde",
]

[[package]]
name = "rustdoc-types"
version = "0.26.0"
source = "registry+https://github.com/rust-lang/crates.io-index"
checksum = "0b9be1bc4a0ec3445cfa2e4ba112827544890d43d68b7d1eda5359a9c09d2cd8"
dependencies = [
 "serde",
]

[[package]]
name = "rustdoc-types"
version = "0.28.1"
source = "registry+https://github.com/rust-lang/crates.io-index"
checksum = "edcdc023d622eeec23ac48f064126eb09b69e19728308aa905bdc28b562b4319"
dependencies = [
 "serde",
]

[[package]]
name = "rustdoc-types"
version = "0.29.1"
source = "registry+https://github.com/rust-lang/crates.io-index"
checksum = "5df53bab0198f33fc88c110aaabdb2df2cfee4b8a72aeaf942088e12bb305142"
dependencies = [
 "serde",
]

[[package]]
name = "rustdoc-types"
version = "0.30.0"
source = "registry+https://github.com/rust-lang/crates.io-index"
checksum = "89e3124c5a7883153fe3e762da9998cf36c302dbf1cc237869d297f9713e5655"
dependencies = [
 "serde",
]

[[package]]
name = "rustdoc-types"
version = "0.31.0"
source = "registry+https://github.com/rust-lang/crates.io-index"
checksum = "d368a6e25f5445187e8f67a7ec1cdf38f6d361fb26f9476b8b5f0bd91d88fd60"
dependencies = [
 "serde",
]

[[package]]
name = "rustdoc-types"
version = "0.32.0"
source = "registry+https://github.com/rust-lang/crates.io-index"
checksum = "0958527c2f4e8ff8b64e067bda402306946efc96f9b69f9f691b146f4b17f930"
dependencies = [
 "serde",
]

[[package]]
name = "ryu"
version = "1.0.18"
source = "registry+https://github.com/rust-lang/crates.io-index"
checksum = "f3cb5ba0dc43242ce17de99c180e96db90b235b8a9fdc9543c96d2209116bd9f"

[[package]]
name = "serde"
version = "1.0.210"
source = "registry+https://github.com/rust-lang/crates.io-index"
checksum = "c8e3592472072e6e22e0a54d5904d9febf8508f65fb8552499a1abc7d1078c3a"
dependencies = [
 "serde_derive",
]

[[package]]
name = "serde_derive"
version = "1.0.210"
source = "registry+https://github.com/rust-lang/crates.io-index"
checksum = "243902eda00fad750862fc144cea25caca5e20d615af0a81bee94ca738f1df1f"
dependencies = [
 "proc-macro2",
 "quote",
 "syn",
]

[[package]]
name = "serde_json"
version = "1.0.128"
source = "registry+https://github.com/rust-lang/crates.io-index"
checksum = "6ff5456707a1de34e7e37f2a6fd3d3f808c318259cbd01ab6377795054b483d8"
dependencies = [
 "itoa",
 "memchr",
 "ryu",
 "serde",
]

[[package]]
name = "smallvec"
version = "1.13.2"
source = "registry+https://github.com/rust-lang/crates.io-index"
checksum = "3c5e1a9a646d36c3599cd173a41282daf47c44583ad367b8e6837255952e5c67"
dependencies = [
 "serde",
]

[[package]]
name = "syn"
version = "2.0.77"
source = "registry+https://github.com/rust-lang/crates.io-index"
checksum = "9f35bcdf61fd8e7be6caf75f429fdca8beb3ed76584befb503b1569faee373ed"
dependencies = [
 "proc-macro2",
 "quote",
 "unicode-ident",
]

[[package]]
name = "thiserror"
version = "1.0.63"
source = "registry+https://github.com/rust-lang/crates.io-index"
checksum = "c0342370b38b6a11b6cc11d6a805569958d54cfa061a29969c3b5ce2ea405724"
dependencies = [
 "thiserror-impl",
]

[[package]]
name = "thiserror-impl"
version = "1.0.63"
source = "registry+https://github.com/rust-lang/crates.io-index"
checksum = "a4558b58466b9ad7ca0f102865eccc95938dca1a74a856f2b57b6629050da261"
dependencies = [
 "proc-macro2",
 "quote",
 "syn",
]

[[package]]
name = "trustfall"
version = "0.7.1"
source = "registry+https://github.com/rust-lang/crates.io-index"
checksum = "ba9cc422e50a87f4fad1b7108d4e68bfd5d2f31142998aee4b26f25312aa38e1"
dependencies = [
 "anyhow",
 "trustfall_core",
 "trustfall_derive",
]

[[package]]
name = "trustfall-rustdoc-adapter"
version = "28.1.4"
source = "registry+https://github.com/rust-lang/crates.io-index"
checksum = "0247b21c545fc4aed1c877450e9750743937d5eaddc6e1f085f72c8713ab3043"
dependencies = [
 "rayon",
 "rustc-hash",
 "rustdoc-types 0.24.0",
 "trustfall",
]

[[package]]
name = "trustfall-rustdoc-adapter"
version = "29.1.4"
source = "registry+https://github.com/rust-lang/crates.io-index"
checksum = "962069854192b26d8073c052e26806afd74faed02131df5e344a8ea6ca30e2a4"
dependencies = [
 "rayon",
 "rustc-hash",
 "rustdoc-types 0.25.0",
 "trustfall",
]

[[package]]
name = "trustfall-rustdoc-adapter"
version = "30.1.4"
source = "registry+https://github.com/rust-lang/crates.io-index"
checksum = "33c944186765c3c36585ff52d0d67fc02e5bc79a0ec52b96fe26d4ffe4de7dc7"
dependencies = [
 "rayon",
 "rustc-hash",
 "rustdoc-types 0.26.0",
 "trustfall",
]

[[package]]
name = "trustfall-rustdoc-adapter"
version = "32.1.4"
source = "registry+https://github.com/rust-lang/crates.io-index"
checksum = "a0ed00d3646c9e22ebdf4565e21919a7b39b410839ef9e4026ac5524b60480a3"
dependencies = [
 "rayon",
 "rustc-hash",
 "rustdoc-types 0.28.1",
 "trustfall",
]

[[package]]
name = "trustfall-rustdoc-adapter"
version = "33.1.4"
source = "registry+https://github.com/rust-lang/crates.io-index"
checksum = "830bc6cee8376524a6ef429ed4bf5ba1b7b4b58bfc6270e1339401c46a828135"
dependencies = [
 "rayon",
 "rustc-hash",
 "rustdoc-types 0.29.1",
 "trustfall",
]

[[package]]
name = "trustfall-rustdoc-adapter"
version = "34.0.0"
source = "registry+https://github.com/rust-lang/crates.io-index"
checksum = "83ba718a3adbe0a04a7b4760533c21b48289f66e70e0d25c53dbca2a75b58ec5"
dependencies = [
 "rayon",
 "rustc-hash",
 "rustdoc-types 0.30.0",
 "trustfall",
]

[[package]]
name = "trustfall-rustdoc-adapter"
version = "35.0.0"
source = "registry+https://github.com/rust-lang/crates.io-index"
checksum = "2dfcab42255e407422af10215be3c335fd2a9d2ef7927c289c9a2b1b7608f596"
dependencies = [
 "rayon",
 "rustc-hash",
 "rustdoc-types 0.31.0",
 "trustfall",
]

[[package]]
name = "trustfall-rustdoc-adapter"
version = "36.0.0"
source = "registry+https://github.com/rust-lang/crates.io-index"
checksum = "2bf8370bfe8e00fde814e39a8fc6f5c8631fc6d49952fd7bee96e05698653add"
dependencies = [
 "rayon",
 "rustc-hash",
 "rustdoc-types 0.32.0",
 "trustfall",
]

[[package]]
name = "trustfall_core"
version = "0.7.1"
source = "registry+https://github.com/rust-lang/crates.io-index"
checksum = "4794de1ab6087b44c68bc3738021e95be3d51316bf57bbddc4d5bf1ca033b134"
dependencies = [
 "async-graphql-parser",
 "async-graphql-value",
 "itertools",
 "maplit",
 "regex",
 "serde",
 "serde_json",
 "smallvec",
 "thiserror",
]

[[package]]
name = "trustfall_derive"
version = "0.3.1"
source = "registry+https://github.com/rust-lang/crates.io-index"
checksum = "3fb14eb4f23b3b669d232a5c7d2b3d6c89ad9e15be1cbdd2c1e14d87d62569ec"
dependencies = [
 "proc-macro2",
 "quote",
 "syn",
]

[[package]]
name = "trustfall_rustdoc"
version = "0.16.3"
dependencies = [
 "anyhow",
 "serde",
 "serde_json",
 "trustfall",
 "trustfall-rustdoc-adapter 28.1.4",
 "trustfall-rustdoc-adapter 29.1.4",
 "trustfall-rustdoc-adapter 30.1.4",
 "trustfall-rustdoc-adapter 32.1.4",
 "trustfall-rustdoc-adapter 33.1.4",
 "trustfall-rustdoc-adapter 34.0.0",
 "trustfall-rustdoc-adapter 35.0.0",
 "trustfall-rustdoc-adapter 36.0.0",
]

[[package]]
name = "ucd-trie"
version = "0.1.6"
source = "registry+https://github.com/rust-lang/crates.io-index"
checksum = "ed646292ffc8188ef8ea4d1e0e0150fb15a5c2e12ad9b8fc191ae7a8a7f3c4b9"

[[package]]
name = "unicode-ident"
version = "1.0.13"
source = "registry+https://github.com/rust-lang/crates.io-index"
checksum = "e91b56cd4cadaeb79bbf1a5645f6b4f8dc5bde8834ad5894a8db35fda9efa1fe"
