# This file is automatically @generated by Cargo.
# It is not intended for manual editing.
version = 3

[[package]]
name = "aho-corasick"
version = "1.0.2"
source = "registry+https://github.com/rust-lang/crates.io-index"
checksum = "43f6cb1bf222025340178f382c426f13757b2960e89779dfcb319c32542a5a41"
dependencies = [
 "memchr",
]

[[package]]
name = "anyhow"
version = "1.0.72"
source = "registry+https://github.com/rust-lang/crates.io-index"
checksum = "3b13c32d80ecc7ab747b80c3784bce54ee8a7a0cc4fbda9bf4cda2cf6fe90854"

[[package]]
name = "async-graphql-parser"
version = "6.0.10"
source = "registry+https://github.com/rust-lang/crates.io-index"
checksum = "786a2329756a9946d83106e389a977a808ab22628cb797c1afcf174fd01c40d5"
dependencies = [
 "async-graphql-value",
 "pest",
 "serde",
 "serde_json",
]

[[package]]
name = "async-graphql-value"
version = "6.0.10"
source = "registry+https://github.com/rust-lang/crates.io-index"
checksum = "305ca1e36538655babbfa8a9a1d82cb1dd01961af2feeafa06d3a0c9af793bed"
dependencies = [
 "bytes",
 "indexmap",
 "serde",
 "serde_json",
]

[[package]]
name = "bytes"
version = "1.4.0"
source = "registry+https://github.com/rust-lang/crates.io-index"
checksum = "89b2fd2a0dcf38d7971e2194b6b6eebab45ae01067456a7fd93d5547a61b70be"
dependencies = [
 "serde",
]

[[package]]
name = "either"
version = "1.9.0"
source = "registry+https://github.com/rust-lang/crates.io-index"
checksum = "a26ae43d7bcc3b814de94796a5e736d4029efb0ee900c12e2d54c993ad1a1e07"

[[package]]
name = "equivalent"
version = "1.0.1"
source = "registry+https://github.com/rust-lang/crates.io-index"
checksum = "5443807d6dff69373d433ab9ef5378ad8df50ca6298caf15de6e52e24aaf54d5"

[[package]]
name = "hashbrown"
version = "0.14.2"
source = "registry+https://github.com/rust-lang/crates.io-index"
checksum = "f93e7192158dbcda357bdec5fb5788eebf8bbac027f3f33e719d29135ae84156"

[[package]]
name = "indexmap"
version = "2.1.0"
source = "registry+https://github.com/rust-lang/crates.io-index"
checksum = "d530e1a18b1cb4c484e6e34556a0d948706958449fca0cab753d649f2bce3d1f"
dependencies = [
 "equivalent",
 "hashbrown",
 "serde",
]

[[package]]
name = "itertools"
version = "0.11.0"
source = "registry+https://github.com/rust-lang/crates.io-index"
checksum = "b1c173a5686ce8bfa551b3563d0c2170bf24ca44da99c7ca4bfdab5418c3fe57"
dependencies = [
 "either",
]

[[package]]
name = "itoa"
version = "1.0.9"
source = "registry+https://github.com/rust-lang/crates.io-index"
checksum = "af150ab688ff2122fcef229be89cb50dd66af9e01a4ff320cc137eecc9bacc38"

[[package]]
name = "maplit"
version = "1.0.2"
source = "registry+https://github.com/rust-lang/crates.io-index"
checksum = "3e2e65a1a2e43cfcb47a895c4c8b10d1f4a61097f9f254f183aee60cad9c651d"

[[package]]
name = "memchr"
version = "2.5.0"
source = "registry+https://github.com/rust-lang/crates.io-index"
checksum = "2dffe52ecf27772e601905b7522cb4ef790d2cc203488bbd0e2fe85fcb74566d"

[[package]]
name = "pest"
version = "2.7.5"
source = "registry+https://github.com/rust-lang/crates.io-index"
checksum = "ae9cee2a55a544be8b89dc6848072af97a20f2422603c10865be2a42b580fff5"
dependencies = [
 "memchr",
 "thiserror",
 "ucd-trie",
]

[[package]]
name = "proc-macro2"
version = "1.0.69"
source = "registry+https://github.com/rust-lang/crates.io-index"
checksum = "134c189feb4956b20f6f547d2cf727d4c0fe06722b20a0eec87ed445a97f92da"
dependencies = [
 "unicode-ident",
]

[[package]]
name = "quote"
version = "1.0.32"
source = "registry+https://github.com/rust-lang/crates.io-index"
checksum = "50f3b39ccfb720540debaa0164757101c08ecb8d326b15358ce76a62c7e85965"
dependencies = [
 "proc-macro2",
]

[[package]]
name = "regex"
version = "1.9.1"
source = "registry+https://github.com/rust-lang/crates.io-index"
checksum = "b2eae68fc220f7cf2532e4494aded17545fce192d59cd996e0fe7887f4ceb575"
dependencies = [
 "aho-corasick",
 "memchr",
 "regex-automata",
 "regex-syntax",
]

[[package]]
name = "regex-automata"
version = "0.3.3"
source = "registry+https://github.com/rust-lang/crates.io-index"
checksum = "39354c10dd07468c2e73926b23bb9c2caca74c5501e38a35da70406f1d923310"
dependencies = [
 "aho-corasick",
 "memchr",
 "regex-syntax",
]

[[package]]
name = "regex-syntax"
version = "0.7.4"
source = "registry+https://github.com/rust-lang/crates.io-index"
checksum = "e5ea92a5b6195c6ef2a0295ea818b312502c6fc94dde986c5553242e18fd4ce2"

[[package]]
name = "rustdoc-types"
version = "0.23.0"
source = "registry+https://github.com/rust-lang/crates.io-index"
checksum = "cc646f09069d689083b975698bdac4edb96c2f0e7d270b701760814b886bb224"
dependencies = [
 "serde",
]

[[package]]
name = "rustdoc-types"
version = "0.24.0"
source = "registry+https://github.com/rust-lang/crates.io-index"
checksum = "0904b9147011800e63763fb9e49bbeaf76c1b6ab8982824c659dce5433712559"
dependencies = [
 "serde",
]

[[package]]
name = "rustdoc-types"
version = "0.25.0"
source = "registry+https://github.com/rust-lang/crates.io-index"
checksum = "60966414633fced9e2341cd3d51a329d72306367325ba3d34e7e517c3bb84f3c"
dependencies = [
 "serde",
]

[[package]]
name = "rustdoc-types"
version = "0.26.0"
source = "registry+https://github.com/rust-lang/crates.io-index"
checksum = "0b9be1bc4a0ec3445cfa2e4ba112827544890d43d68b7d1eda5359a9c09d2cd8"
dependencies = [
 "serde",
]

[[package]]
name = "ryu"
version = "1.0.15"
source = "registry+https://github.com/rust-lang/crates.io-index"
checksum = "1ad4cc8da4ef723ed60bced201181d83791ad433213d8c24efffda1eec85d741"

[[package]]
name = "serde"
version = "1.0.192"
source = "registry+https://github.com/rust-lang/crates.io-index"
checksum = "bca2a08484b285dcb282d0f67b26cadc0df8b19f8c12502c13d966bf9482f001"
dependencies = [
 "serde_derive",
]

[[package]]
name = "serde_derive"
version = "1.0.192"
source = "registry+https://github.com/rust-lang/crates.io-index"
checksum = "d6c7207fbec9faa48073f3e3074cbe553af6ea512d7c21ba46e434e70ea9fbc1"
dependencies = [
 "proc-macro2",
 "quote",
 "syn",
]

[[package]]
name = "serde_json"
version = "1.0.103"
source = "registry+https://github.com/rust-lang/crates.io-index"
checksum = "d03b412469450d4404fe8499a268edd7f8b79fecb074b0d812ad64ca21f4031b"
dependencies = [
 "itoa",
 "ryu",
 "serde",
]

[[package]]
name = "smallvec"
version = "1.11.0"
source = "registry+https://github.com/rust-lang/crates.io-index"
checksum = "62bb4feee49fdd9f707ef802e22365a35de4b7b299de4763d44bfea899442ff9"
dependencies = [
 "serde",
]

[[package]]
name = "syn"
version = "2.0.39"
source = "registry+https://github.com/rust-lang/crates.io-index"
checksum = "23e78b90f2fcf45d3e842032ce32e3f2d1545ba6636271dcbf24fa306d87be7a"
dependencies = [
 "proc-macro2",
 "quote",
 "unicode-ident",
]

[[package]]
name = "thiserror"
version = "1.0.44"
source = "registry+https://github.com/rust-lang/crates.io-index"
checksum = "611040a08a0439f8248d1990b111c95baa9c704c805fa1f62104b39655fd7f90"
dependencies = [
 "thiserror-impl",
]

[[package]]
name = "thiserror-impl"
version = "1.0.44"
source = "registry+https://github.com/rust-lang/crates.io-index"
checksum = "090198534930841fab3a5d1bb637cde49e339654e606195f8d9c76eeb081dc96"
dependencies = [
 "proc-macro2",
 "quote",
 "syn",
]

[[package]]
name = "trustfall"
version = "0.7.1"
source = "registry+https://github.com/rust-lang/crates.io-index"
checksum = "ba9cc422e50a87f4fad1b7108d4e68bfd5d2f31142998aee4b26f25312aa38e1"
dependencies = [
 "anyhow",
 "trustfall_core",
 "trustfall_derive",
]

[[package]]
name = "trustfall-rustdoc-adapter"
version = "27.1.0"
source = "registry+https://github.com/rust-lang/crates.io-index"
checksum = "3f9353e32ddd662a427c493fa8a807970e247339345a252a8a0c38edfe2d4979"
dependencies = [
 "rustdoc-types 0.23.0",
 "trustfall",
]

[[package]]
name = "trustfall-rustdoc-adapter"
version = "28.0.0"
source = "registry+https://github.com/rust-lang/crates.io-index"
checksum = "da88878484a9f94bfb86d08784c7452a158c9c147ac5243ab8348f451b8c7925"
dependencies = [
 "rustdoc-types 0.24.0",
 "trustfall",
]

[[package]]
name = "trustfall-rustdoc-adapter"
version = "29.0.0"
source = "registry+https://github.com/rust-lang/crates.io-index"
checksum = "96958f676288d0cd2d87dfe7fa4359075a32115c34e1020fe197963a2bd12e6d"
dependencies = [
 "rustdoc-types 0.25.0",
 "trustfall",
]

[[package]]
name = "trustfall-rustdoc-adapter"
version = "30.0.0"
source = "registry+https://github.com/rust-lang/crates.io-index"
checksum = "e5f8fd58a996a10d24181ca535a7f5bd58d1c1fda128cfa797a70b69a195e445"
dependencies = [
 "rustdoc-types 0.26.0",
 "trustfall",
]

[[package]]
name = "trustfall_core"
version = "0.7.1"
source = "registry+https://github.com/rust-lang/crates.io-index"
checksum = "4794de1ab6087b44c68bc3738021e95be3d51316bf57bbddc4d5bf1ca033b134"
dependencies = [
 "async-graphql-parser",
 "async-graphql-value",
 "itertools",
 "maplit",
 "regex",
 "serde",
 "serde_json",
 "smallvec",
 "thiserror",
]

[[package]]
name = "trustfall_derive"
version = "0.3.1"
source = "registry+https://github.com/rust-lang/crates.io-index"
checksum = "3fb14eb4f23b3b669d232a5c7d2b3d6c89ad9e15be1cbdd2c1e14d87d62569ec"
dependencies = [
 "proc-macro2",
 "quote",
 "syn",
]

[[package]]
name = "trustfall_rustdoc"
version = "0.15.1"
dependencies = [
 "anyhow",
 "serde",
 "serde_json",
 "trustfall",
 "trustfall-rustdoc-adapter 27.1.0",
 "trustfall-rustdoc-adapter 28.0.0",
 "trustfall-rustdoc-adapter 29.0.0",
 "trustfall-rustdoc-adapter 30.0.0",
]

[[package]]
name = "ucd-trie"
version = "0.1.6"
source = "registry+https://github.com/rust-lang/crates.io-index"
checksum = "ed646292ffc8188ef8ea4d1e0e0150fb15a5c2e12ad9b8fc191ae7a8a7f3c4b9"

[[package]]
name = "unicode-ident"
version = "1.0.11"
source = "registry+https://github.com/rust-lang/crates.io-index"
checksum = "301abaae475aa91687eb82514b328ab47a211a533026cb25fc3e519b86adfc3c"
