# This file is automatically @generated by Cargo.
# It is not intended for manual editing.
version = 4

[[package]]
name = "aho-corasick"
version = "1.1.3"
source = "registry+https://github.com/rust-lang/crates.io-index"
checksum = "8e60d3430d3a69478ad0993f19238d2df97c507009a52b3c10addcd7f6bcb916"
dependencies = [
 "memchr",
]

[[package]]
name = "anyhow"
version = "1.0.89"
source = "registry+https://github.com/rust-lang/crates.io-index"
checksum = "86fdf8605db99b54d3cd748a44c6d04df638eb5dafb219b135d0149bd0db01f6"

[[package]]
name = "async-graphql-parser"
version = "7.0.11"
source = "registry+https://github.com/rust-lang/crates.io-index"
checksum = "79272bdbf26af97866e149f05b2b546edb5c00e51b5f916289931ed233e208ad"
dependencies = [
 "async-graphql-value",
 "pest",
 "serde",
 "serde_json",
]

[[package]]
name = "async-graphql-value"
version = "7.0.11"
source = "registry+https://github.com/rust-lang/crates.io-index"
checksum = "ef5ec94176a12a8cbe985cd73f2e54dc9c702c88c766bdef12f1f3a67cedbee1"
dependencies = [
 "bytes",
 "indexmap",
 "serde",
 "serde_json",
]

[[package]]
name = "bytes"
version = "1.7.1"
source = "registry+https://github.com/rust-lang/crates.io-index"
checksum = "8318a53db07bb3f8dca91a600466bdb3f2eaadeedfdbcf02e1accbad9271ba50"
dependencies = [
 "serde",
]

[[package]]
name = "camino"
version = "1.1.9"
source = "registry+https://github.com/rust-lang/crates.io-index"
checksum = "8b96ec4966b5813e2c0507c1f86115c8c5abaadc3980879c3424042a02fd1ad3"
dependencies = [
 "serde",
]

[[package]]
name = "cargo-platform"
version = "0.1.9"
source = "registry+https://github.com/rust-lang/crates.io-index"
checksum = "e35af189006b9c0f00a064685c727031e3ed2d8020f7ba284d78cc2671bd36ea"
dependencies = [
 "serde",
]

[[package]]
name = "cargo_metadata"
version = "0.18.1"
source = "registry+https://github.com/rust-lang/crates.io-index"
checksum = "2d886547e41f740c616ae73108f6eb70afe6d940c7bc697cb30f13daec073037"
dependencies = [
 "camino",
 "cargo-platform",
 "semver",
 "serde",
 "serde_json",
 "thiserror 1.0.63",
]

[[package]]
name = "cargo_toml"
version = "0.20.5"
source = "registry+https://github.com/rust-lang/crates.io-index"
checksum = "88da5a13c620b4ca0078845707ea9c3faf11edbc3ffd8497d11d686211cd1ac0"
dependencies = [
 "serde",
 "toml",
]

[[package]]
name = "crossbeam-deque"
version = "0.8.5"
source = "registry+https://github.com/rust-lang/crates.io-index"
checksum = "613f8cc01fe9cf1a3eb3d7f488fd2fa8388403e97039e2f73692932e291a770d"
dependencies = [
 "crossbeam-epoch",
 "crossbeam-utils",
]

[[package]]
name = "crossbeam-epoch"
version = "0.9.18"
source = "registry+https://github.com/rust-lang/crates.io-index"
checksum = "5b82ac4a3c2ca9c3460964f020e1402edd5753411d7737aa39c3714ad1b5420e"
dependencies = [
 "crossbeam-utils",
]

[[package]]
name = "crossbeam-utils"
version = "0.8.20"
source = "registry+https://github.com/rust-lang/crates.io-index"
checksum = "22ec99545bb0ed0ea7bb9b8e1e9122ea386ff8a48c0922e43f36d45ab09e0e80"

[[package]]
name = "either"
version = "1.13.0"
source = "registry+https://github.com/rust-lang/crates.io-index"
checksum = "60b1af1c220855b6ceac025d3f6ecdd2b7c4894bfe9cd9bda4fbb4bc7c0d4cf0"

[[package]]
name = "equivalent"
version = "1.0.1"
source = "registry+https://github.com/rust-lang/crates.io-index"
checksum = "5443807d6dff69373d433ab9ef5378ad8df50ca6298caf15de6e52e24aaf54d5"

[[package]]
name = "hashbrown"
version = "0.14.5"
source = "registry+https://github.com/rust-lang/crates.io-index"
checksum = "e5274423e17b7c9fc20b6e7e208532f9b19825d82dfd615708b70edd83df41f1"

[[package]]
name = "indexmap"
version = "2.5.0"
source = "registry+https://github.com/rust-lang/crates.io-index"
checksum = "68b900aa2f7301e21c36462b170ee99994de34dff39a4a6a528e80e7376d07e5"
dependencies = [
 "equivalent",
 "hashbrown",
 "serde",
]

[[package]]
name = "itertools"
version = "0.13.0"
source = "registry+https://github.com/rust-lang/crates.io-index"
checksum = "413ee7dfc52ee1a4949ceeb7dbc8a33f2d6c088194d9f922fb8318faf1f01186"
dependencies = [
 "either",
]

[[package]]
name = "itoa"
version = "1.0.11"
source = "registry+https://github.com/rust-lang/crates.io-index"
checksum = "49f1f14873335454500d59611f1cf4a4b0f786f9ac11f4312a78e4cf2566695b"

[[package]]
name = "maplit"
version = "1.0.2"
source = "registry+https://github.com/rust-lang/crates.io-index"
checksum = "3e2e65a1a2e43cfcb47a895c4c8b10d1f4a61097f9f254f183aee60cad9c651d"

[[package]]
name = "memchr"
version = "2.7.4"
source = "registry+https://github.com/rust-lang/crates.io-index"
checksum = "78ca9ab1a0babb1e7d5695e3530886289c18cf2f87ec19a575a0abdce112e3a3"

[[package]]
name = "pest"
version = "2.7.11"
source = "registry+https://github.com/rust-lang/crates.io-index"
checksum = "cd53dff83f26735fdc1ca837098ccf133605d794cdae66acfc2bfac3ec809d95"
dependencies = [
 "memchr",
 "thiserror 1.0.63",
 "ucd-trie",
]

[[package]]
name = "proc-macro2"
version = "1.0.92"
source = "registry+https://github.com/rust-lang/crates.io-index"
checksum = "37d3544b3f2748c54e147655edb5025752e2303145b5aefb3c3ea2c78b973bb0"
dependencies = [
 "unicode-ident",
]

[[package]]
name = "quote"
version = "1.0.37"
source = "registry+https://github.com/rust-lang/crates.io-index"
checksum = "b5b9d34b8991d19d98081b46eacdd8eb58c6f2b201139f7c5f643cc155a633af"
dependencies = [
 "proc-macro2",
]

[[package]]
name = "rayon"
version = "1.10.0"
source = "registry+https://github.com/rust-lang/crates.io-index"
checksum = "b418a60154510ca1a002a752ca9714984e21e4241e804d32555251faf8b78ffa"
dependencies = [
 "either",
 "rayon-core",
]

[[package]]
name = "rayon-core"
version = "1.12.1"
source = "registry+https://github.com/rust-lang/crates.io-index"
checksum = "1465873a3dfdaa8ae7cb14b4383657caab0b3e8a0aa9ae8e04b044854c8dfce2"
dependencies = [
 "crossbeam-deque",
 "crossbeam-utils",
]

[[package]]
name = "regex"
version = "1.10.6"
source = "registry+https://github.com/rust-lang/crates.io-index"
checksum = "4219d74c6b67a3654a9fbebc4b419e22126d13d2f3c4a07ee0cb61ff79a79619"
dependencies = [
 "aho-corasick",
 "memchr",
 "regex-automata",
 "regex-syntax",
]

[[package]]
name = "regex-automata"
version = "0.4.7"
source = "registry+https://github.com/rust-lang/crates.io-index"
checksum = "38caf58cc5ef2fed281f89292ef23f6365465ed9a41b7a7754eb4e26496c92df"
dependencies = [
 "aho-corasick",
 "memchr",
 "regex-syntax",
]

[[package]]
name = "regex-syntax"
version = "0.8.4"
source = "registry+https://github.com/rust-lang/crates.io-index"
checksum = "7a66a03ae7c801facd77a29370b4faec201768915ac14a721ba36f20bc9c209b"

[[package]]
name = "rustc-hash"
version = "2.0.0"
source = "registry+https://github.com/rust-lang/crates.io-index"
checksum = "583034fd73374156e66797ed8e5b0d5690409c9226b22d87cb7f19821c05d152"

[[package]]
name = "rustdoc-types"
version = "0.26.0"
source = "registry+https://github.com/rust-lang/crates.io-index"
checksum = "0b9be1bc4a0ec3445cfa2e4ba112827544890d43d68b7d1eda5359a9c09d2cd8"
dependencies = [
 "serde",
]

[[package]]
name = "rustdoc-types"
version = "0.28.1"
source = "registry+https://github.com/rust-lang/crates.io-index"
checksum = "edcdc023d622eeec23ac48f064126eb09b69e19728308aa905bdc28b562b4319"
dependencies = [
 "serde",
]

[[package]]
name = "rustdoc-types"
version = "0.29.1"
source = "registry+https://github.com/rust-lang/crates.io-index"
checksum = "5df53bab0198f33fc88c110aaabdb2df2cfee4b8a72aeaf942088e12bb305142"
dependencies = [
 "serde",
]

[[package]]
name = "rustdoc-types"
version = "0.30.0"
source = "registry+https://github.com/rust-lang/crates.io-index"
checksum = "89e3124c5a7883153fe3e762da9998cf36c302dbf1cc237869d297f9713e5655"
dependencies = [
 "serde",
]

[[package]]
name = "rustdoc-types"
version = "0.31.0"
source = "registry+https://github.com/rust-lang/crates.io-index"
checksum = "d368a6e25f5445187e8f67a7ec1cdf38f6d361fb26f9476b8b5f0bd91d88fd60"
dependencies = [
 "serde",
]

[[package]]
name = "rustdoc-types"
version = "0.32.0"
source = "registry+https://github.com/rust-lang/crates.io-index"
checksum = "0958527c2f4e8ff8b64e067bda402306946efc96f9b69f9f691b146f4b17f930"
dependencies = [
 "serde",
]

[[package]]
name = "rustdoc-types"
version = "0.33.0"
source = "registry+https://github.com/rust-lang/crates.io-index"
checksum = "e33060dbec9e1d13d285c4cddc150a431569be97f33bf0b6c1ec6eea934c31ca"
dependencies = [
 "serde",
]

[[package]]
name = "ryu"
version = "1.0.18"
source = "registry+https://github.com/rust-lang/crates.io-index"
checksum = "f3cb5ba0dc43242ce17de99c180e96db90b235b8a9fdc9543c96d2209116bd9f"

[[package]]
name = "semver"
version = "1.0.23"
source = "registry+https://github.com/rust-lang/crates.io-index"
checksum = "61697e0a1c7e512e84a621326239844a24d8207b4669b41bc18b32ea5cbf988b"
dependencies = [
 "serde",
]

[[package]]
name = "serde"
version = "1.0.210"
source = "registry+https://github.com/rust-lang/crates.io-index"
checksum = "c8e3592472072e6e22e0a54d5904d9febf8508f65fb8552499a1abc7d1078c3a"
dependencies = [
 "serde_derive",
]

[[package]]
name = "serde_derive"
version = "1.0.210"
source = "registry+https://github.com/rust-lang/crates.io-index"
checksum = "243902eda00fad750862fc144cea25caca5e20d615af0a81bee94ca738f1df1f"
dependencies = [
 "proc-macro2",
 "quote",
 "syn",
]

[[package]]
name = "serde_json"
version = "1.0.128"
source = "registry+https://github.com/rust-lang/crates.io-index"
checksum = "6ff5456707a1de34e7e37f2a6fd3d3f808c318259cbd01ab6377795054b483d8"
dependencies = [
 "itoa",
 "memchr",
 "ryu",
 "serde",
]

[[package]]
name = "serde_spanned"
version = "0.6.8"
source = "registry+https://github.com/rust-lang/crates.io-index"
checksum = "87607cb1398ed59d48732e575a4c28a7a8ebf2454b964fe3f224f2afc07909e1"
dependencies = [
 "serde",
]

[[package]]
name = "smallvec"
version = "1.13.2"
source = "registry+https://github.com/rust-lang/crates.io-index"
checksum = "3c5e1a9a646d36c3599cd173a41282daf47c44583ad367b8e6837255952e5c67"
dependencies = [
 "serde",
]

[[package]]
name = "syn"
version = "2.0.90"
source = "registry+https://github.com/rust-lang/crates.io-index"
checksum = "919d3b74a5dd0ccd15aeb8f93e7006bd9e14c295087c9896a110f490752bcf31"
dependencies = [
 "proc-macro2",
 "quote",
 "unicode-ident",
]

[[package]]
name = "thiserror"
version = "1.0.63"
source = "registry+https://github.com/rust-lang/crates.io-index"
checksum = "c0342370b38b6a11b6cc11d6a805569958d54cfa061a29969c3b5ce2ea405724"
dependencies = [
 "thiserror-impl 1.0.63",
]

[[package]]
name = "thiserror"
version = "2.0.3"
source = "registry+https://github.com/rust-lang/crates.io-index"
checksum = "c006c85c7651b3cf2ada4584faa36773bd07bac24acfb39f3c431b36d7e667aa"
dependencies = [
 "thiserror-impl 2.0.3",
]

[[package]]
name = "thiserror-impl"
version = "1.0.63"
source = "registry+https://github.com/rust-lang/crates.io-index"
checksum = "a4558b58466b9ad7ca0f102865eccc95938dca1a74a856f2b57b6629050da261"
dependencies = [
 "proc-macro2",
 "quote",
 "syn",
]

[[package]]
name = "thiserror-impl"
version = "2.0.3"
source = "registry+https://github.com/rust-lang/crates.io-index"
checksum = "f077553d607adc1caf65430528a576c757a71ed73944b66ebb58ef2bbd243568"
dependencies = [
 "proc-macro2",
 "quote",
 "syn",
]

[[package]]
name = "toml"
version = "0.8.19"
source = "registry+https://github.com/rust-lang/crates.io-index"
checksum = "a1ed1f98e3fdc28d6d910e6737ae6ab1a93bf1985935a1193e68f93eeb68d24e"
dependencies = [
 "serde",
 "serde_spanned",
 "toml_datetime",
 "toml_edit",
]

[[package]]
name = "toml_datetime"
version = "0.6.8"
source = "registry+https://github.com/rust-lang/crates.io-index"
checksum = "0dd7358ecb8fc2f8d014bf86f6f638ce72ba252a2c3a2572f2a795f1d23efb41"
dependencies = [
 "serde",
]

[[package]]
name = "toml_edit"
version = "0.22.22"
source = "registry+https://github.com/rust-lang/crates.io-index"
checksum = "4ae48d6208a266e853d946088ed816055e556cc6028c5e8e2b84d9fa5dd7c7f5"
dependencies = [
 "indexmap",
 "serde",
 "serde_spanned",
 "toml_datetime",
 "winnow",
]

[[package]]
name = "trustfall"
version = "0.8.0"
source = "registry+https://github.com/rust-lang/crates.io-index"
checksum = "5ae0a56d0b642f6c64e683b8c29acfdc27a9cd384cea7e9ca32e7b24f2252b54"
dependencies = [
 "anyhow",
 "trustfall_core",
 "trustfall_derive",
]

[[package]]
name = "trustfall-rustdoc-adapter"
version = "30.3.0"
source = "registry+https://github.com/rust-lang/crates.io-index"
checksum = "8d5cbd647bc404a1c04abcc5ab673a61b7f996da0c3a65bf282e6dffc00fed7d"
dependencies = [
 "cargo_metadata",
 "cargo_toml",
 "rayon",
 "rustc-hash",
 "rustdoc-types 0.26.0",
 "trustfall",
]

[[package]]
name = "trustfall-rustdoc-adapter"
version = "32.3.0"
source = "registry+https://github.com/rust-lang/crates.io-index"
checksum = "fb4a6d11d915cb39265771c547a0e2d5d446ce26345dfc3d2832f6d4f26f229d"
dependencies = [
 "cargo_metadata",
 "cargo_toml",
 "rayon",
 "rustc-hash",
 "rustdoc-types 0.28.1",
 "trustfall",
]

[[package]]
name = "trustfall-rustdoc-adapter"
version = "33.3.0"
source = "registry+https://github.com/rust-lang/crates.io-index"
checksum = "9339448bef1aaf543b26acd1aa15d9a979f81e96b7acafae7c189f94f176bdb4"
dependencies = [
 "cargo_metadata",
 "cargo_toml",
 "rayon",
 "rustc-hash",
 "rustdoc-types 0.29.1",
 "trustfall",
]

[[package]]
name = "trustfall-rustdoc-adapter"
version = "34.2.0"
source = "registry+https://github.com/rust-lang/crates.io-index"
checksum = "f1ee1cc32494489876a0ab7c242889e79150a0a189e4b1d471993a74ad82ab8a"
dependencies = [
 "cargo_metadata",
 "cargo_toml",
 "rayon",
 "rustc-hash",
 "rustdoc-types 0.30.0",
 "trustfall",
]

[[package]]
name = "trustfall-rustdoc-adapter"
version = "35.2.0"
source = "registry+https://github.com/rust-lang/crates.io-index"
checksum = "499001e412ad753a1a344d751b5c99f53a3fdeaed2a5b91357174c2b4360470f"
dependencies = [
 "cargo_metadata",
 "cargo_toml",
 "rayon",
 "rustc-hash",
 "rustdoc-types 0.31.0",
 "trustfall",
]

[[package]]
name = "trustfall-rustdoc-adapter"
version = "36.2.0"
source = "registry+https://github.com/rust-lang/crates.io-index"
checksum = "643f0d9ea888721de62eac48f7838da7c7f6933e92c4152c5ffd8e785c88574f"
dependencies = [
 "cargo_metadata",
 "cargo_toml",
 "rayon",
 "rustc-hash",
 "rustdoc-types 0.32.0",
 "trustfall",
]

[[package]]
name = "trustfall-rustdoc-adapter"
version = "37.0.0"
source = "registry+https://github.com/rust-lang/crates.io-index"
checksum = "b3881686448ceb86978de52ed8da1989439df3289eda04c841a6fdb7b6f7b7b2"
dependencies = [
 "cargo_metadata",
 "cargo_toml",
 "rayon",
 "rustc-hash",
 "rustdoc-types 0.33.0",
 "trustfall",
]

[[package]]
name = "trustfall_core"
version = "0.8.0"
source = "registry+https://github.com/rust-lang/crates.io-index"
checksum = "62e206681a3cc2282151908aab9892c7227fe1a702c8b624700b201e5b66edc9"
dependencies = [
 "async-graphql-parser",
 "async-graphql-value",
 "itertools",
 "maplit",
 "regex",
 "serde",
 "serde_json",
 "smallvec",
 "thiserror 1.0.63",
]

[[package]]
name = "trustfall_derive"
version = "0.3.1"
source = "registry+https://github.com/rust-lang/crates.io-index"
checksum = "3fb14eb4f23b3b669d232a5c7d2b3d6c89ad9e15be1cbdd2c1e14d87d62569ec"
dependencies = [
 "proc-macro2",
 "quote",
 "syn",
]

[[package]]
name = "trustfall_rustdoc"
version = "0.18.0"
dependencies = [
 "anyhow",
 "cargo_metadata",
 "serde",
 "serde_json",
 "thiserror 2.0.3",
 "trustfall",
 "trustfall-rustdoc-adapter 30.3.0",
 "trustfall-rustdoc-adapter 32.3.0",
 "trustfall-rustdoc-adapter 33.3.0",
 "trustfall-rustdoc-adapter 34.2.0",
 "trustfall-rustdoc-adapter 35.2.0",
 "trustfall-rustdoc-adapter 36.2.0",
 "trustfall-rustdoc-adapter 37.0.0",
]

[[package]]
name = "ucd-trie"
version = "0.1.6"
source = "registry+https://github.com/rust-lang/crates.io-index"
checksum = "ed646292ffc8188ef8ea4d1e0e0150fb15a5c2e12ad9b8fc191ae7a8a7f3c4b9"

[[package]]
name = "unicode-ident"
version = "1.0.13"
source = "registry+https://github.com/rust-lang/crates.io-index"
checksum = "e91b56cd4cadaeb79bbf1a5645f6b4f8dc5bde8834ad5894a8db35fda9efa1fe"

[[package]]
name = "winnow"
version = "0.6.20"
source = "registry+https://github.com/rust-lang/crates.io-index"
checksum = "36c1fec1a2bb5866f07c25f68c26e565c4c200aebb96d7e55710c19d3e8ac49b"
dependencies = [
 "memchr",
]
